// !$*UTF8*$!
{
	archiveVersion = 1;
	classes = {
	};
	objectVersion = 51;
	objects = {

/* Begin PBXBuildFile section */
		5E0F6F0723BE8F9200326488 /* Utilities.swift in Sources */ = {isa = PBXBuildFile; fileRef = 5E0F6F0623BE8F9200326488 /* Utilities.swift */; };
		5E0F6F0923BE9C0100326488 /* GoogleService-Info.plist in Resources */ = {isa = PBXBuildFile; fileRef = 5E0F6F0823BE9C0100326488 /* GoogleService-Info.plist */; };
		5E21461823BE71DD00029297 /* AppDelegate.swift in Sources */ = {isa = PBXBuildFile; fileRef = 5E21461723BE71DD00029297 /* AppDelegate.swift */; };
		5E21461A23BE71DD00029297 /* SceneDelegate.swift in Sources */ = {isa = PBXBuildFile; fileRef = 5E21461923BE71DD00029297 /* SceneDelegate.swift */; };
		5E21461C23BE71DD00029297 /* ViewController.swift in Sources */ = {isa = PBXBuildFile; fileRef = 5E21461B23BE71DD00029297 /* ViewController.swift */; };
		5E21461F23BE71DD00029297 /* Main.storyboard in Resources */ = {isa = PBXBuildFile; fileRef = 5E21461D23BE71DD00029297 /* Main.storyboard */; };
		5E21462123BE71E100029297 /* Assets.xcassets in Resources */ = {isa = PBXBuildFile; fileRef = 5E21462023BE71E100029297 /* Assets.xcassets */; };
		5E21462423BE71E100029297 /* LaunchScreen.storyboard in Resources */ = {isa = PBXBuildFile; fileRef = 5E21462223BE71E100029297 /* LaunchScreen.storyboard */; };
		5E5F1AA423BFD5B8002E58B5 /* Constants.swift in Sources */ = {isa = PBXBuildFile; fileRef = 5E5F1AA323BFD5B8002E58B5 /* Constants.swift */; };
		5E5F1AAF23C016EE002E58B5 /* loginbg.mp4 in Resources */ = {isa = PBXBuildFile; fileRef = 5E5F1AAE23C016EE002E58B5 /* loginbg.mp4 */; };
		5E5F1AB123C01A76002E58B5 /* HomeViewController.swift in Sources */ = {isa = PBXBuildFile; fileRef = 5E5F1AB023C01A76002E58B5 /* HomeViewController.swift */; };
		5E5F1AB323C01AE6002E58B5 /* SignUpViewController.swift in Sources */ = {isa = PBXBuildFile; fileRef = 5E5F1AB223C01AE6002E58B5 /* SignUpViewController.swift */; };
		5E5F1AB523C01B75002E58B5 /* LoginViewController.swift in Sources */ = {isa = PBXBuildFile; fileRef = 5E5F1AB423C01B75002E58B5 /* LoginViewController.swift */; };
		E9E8D5112AD1FAAC51707C1A /* Pods_CustomLogin.framework in Frameworks */ = {isa = PBXBuildFile; fileRef = 93416672F67237CA0B7E3901 /* Pods_CustomLogin.framework */; };
/* End PBXBuildFile section */

/* Begin PBXFileReference section */
		130E3376DB9A814D50C20B62 /* Pods-CustomLogin.release.xcconfig */ = {isa = PBXFileReference; includeInIndex = 1; lastKnownFileType = text.xcconfig; name = "Pods-CustomLogin.release.xcconfig"; path = "Target Support Files/Pods-CustomLogin/Pods-CustomLogin.release.xcconfig"; sourceTree = "<group>"; };
		5E0F6F0623BE8F9200326488 /* Utilities.swift */ = {isa = PBXFileReference; fileEncoding = 4; lastKnownFileType = sourcecode.swift; path = Utilities.swift; sourceTree = "<group>"; };
		5E0F6F0823BE9C0100326488 /* GoogleService-Info.plist */ = {isa = PBXFileReference; fileEncoding = 4; lastKnownFileType = text.plist.xml; path = "GoogleService-Info.plist"; sourceTree = "<group>"; };
		5E21461423BE71DD00029297 /* CustomLogin.app */ = {isa = PBXFileReference; explicitFileType = wrapper.application; includeInIndex = 0; path = CustomLogin.app; sourceTree = BUILT_PRODUCTS_DIR; };
		5E21461723BE71DD00029297 /* AppDelegate.swift */ = {isa = PBXFileReference; lastKnownFileType = sourcecode.swift; path = AppDelegate.swift; sourceTree = "<group>"; };
		5E21461923BE71DD00029297 /* SceneDelegate.swift */ = {isa = PBXFileReference; lastKnownFileType = sourcecode.swift; path = SceneDelegate.swift; sourceTree = "<group>"; };
		5E21461B23BE71DD00029297 /* ViewController.swift */ = {isa = PBXFileReference; lastKnownFileType = sourcecode.swift; path = ViewController.swift; sourceTree = "<group>"; };
		5E21461E23BE71DD00029297 /* Base */ = {isa = PBXFileReference; lastKnownFileType = file.storyboard; name = Base; path = Base.lproj/Main.storyboard; sourceTree = "<group>"; };
		5E21462023BE71E100029297 /* Assets.xcassets */ = {isa = PBXFileReference; lastKnownFileType = folder.assetcatalog; path = Assets.xcassets; sourceTree = "<group>"; };
		5E21462323BE71E100029297 /* Base */ = {isa = PBXFileReference; lastKnownFileType = file.storyboard; name = Base; path = Base.lproj/LaunchScreen.storyboard; sourceTree = "<group>"; };
		5E21462523BE71E100029297 /* Info.plist */ = {isa = PBXFileReference; lastKnownFileType = text.plist.xml; path = Info.plist; sourceTree = "<group>"; };
		5E5F1AA323BFD5B8002E58B5 /* Constants.swift */ = {isa = PBXFileReference; fileEncoding = 4; lastKnownFileType = sourcecode.swift; path = Constants.swift; sourceTree = "<group>"; };
		5E5F1AAE23C016EE002E58B5 /* loginbg.mp4 */ = {isa = PBXFileReference; lastKnownFileType = file; path = loginbg.mp4; sourceTree = "<group>"; };
		5E5F1AB023C01A76002E58B5 /* HomeViewController.swift */ = {isa = PBXFileReference; lastKnownFileType = sourcecode.swift; path = HomeViewController.swift; sourceTree = "<group>"; };
		5E5F1AB223C01AE6002E58B5 /* SignUpViewController.swift */ = {isa = PBXFileReference; lastKnownFileType = sourcecode.swift; path = SignUpViewController.swift; sourceTree = "<group>"; };
		5E5F1AB423C01B75002E58B5 /* LoginViewController.swift */ = {isa = PBXFileReference; lastKnownFileType = sourcecode.swift; path = LoginViewController.swift; sourceTree = "<group>"; };
		93416672F67237CA0B7E3901 /* Pods_CustomLogin.framework */ = {isa = PBXFileReference; explicitFileType = wrapper.framework; includeInIndex = 0; path = Pods_CustomLogin.framework; sourceTree = BUILT_PRODUCTS_DIR; };
		F8B99E3D788C7EA1BE4B656D /* Pods-CustomLogin.debug.xcconfig */ = {isa = PBXFileReference; includeInIndex = 1; lastKnownFileType = text.xcconfig; name = "Pods-CustomLogin.debug.xcconfig"; path = "Target Support Files/Pods-CustomLogin/Pods-CustomLogin.debug.xcconfig"; sourceTree = "<group>"; };
/* End PBXFileReference section */

/* Begin PBXFrameworksBuildPhase section */
		5E21461123BE71DD00029297 /* Frameworks */ = {
			isa = PBXFrameworksBuildPhase;
			buildActionMask = 2147483647;
			files = (
				E9E8D5112AD1FAAC51707C1A /* Pods_CustomLogin.framework in Frameworks */,
			);
			runOnlyForDeploymentPostprocessing = 0;
		};
/* End PBXFrameworksBuildPhase section */

/* Begin PBXGroup section */
		5E21460B23BE71DD00029297 = {
			isa = PBXGroup;
			children = (
				5E21461623BE71DD00029297 /* CustomLogin */,
				5E21461523BE71DD00029297 /* Products */,
				61A8660C21ACB6C840EB28AD /* Pods */,
				C5BE6C7DEDD9DB173FB7AC5E /* Frameworks */,
			);
			sourceTree = "<group>";
		};
		5E21461523BE71DD00029297 /* Products */ = {
			isa = PBXGroup;
			children = (
				5E21461423BE71DD00029297 /* CustomLogin.app */,
			);
			name = Products;
			sourceTree = "<group>";
		};
		5E21461623BE71DD00029297 /* CustomLogin */ = {
			isa = PBXGroup;
			children = (
				5E21461923BE71DD00029297 /* SceneDelegate.swift */,
				5E21461723BE71DD00029297 /* AppDelegate.swift */,
				5E21463123BE724B00029297 /* Helpers */,
				5E21463323BE727700029297 /* Media */,
				5E21463223BE725800029297 /* View Controllers */,
				5E21461D23BE71DD00029297 /* Main.storyboard */,
				5E21462023BE71E100029297 /* Assets.xcassets */,
				5E21462223BE71E100029297 /* LaunchScreen.storyboard */,
				5E21462523BE71E100029297 /* Info.plist */,
				5E0F6F0823BE9C0100326488 /* GoogleService-Info.plist */,
			);
			path = CustomLogin;
			sourceTree = "<group>";
		};
		5E21463123BE724B00029297 /* Helpers */ = {
			isa = PBXGroup;
			children = (
				5E5F1AA323BFD5B8002E58B5 /* Constants.swift */,
				5E0F6F0623BE8F9200326488 /* Utilities.swift */,
			);
			path = Helpers;
			sourceTree = "<group>";
		};
		5E21463223BE725800029297 /* View Controllers */ = {
			isa = PBXGroup;
			children = (
				5E5F1AB223C01AE6002E58B5 /* SignUpViewController.swift */,
				5E5F1AB023C01A76002E58B5 /* HomeViewController.swift */,
				5E5F1AB423C01B75002E58B5 /* LoginViewController.swift */,
				5E21461B23BE71DD00029297 /* ViewController.swift */,
			);
			path = "View Controllers";
			sourceTree = "<group>";
		};
		5E21463323BE727700029297 /* Media */ = {
			isa = PBXGroup;
			children = (
				5E5F1AAE23C016EE002E58B5 /* loginbg.mp4 */,
			);
			path = Media;
			sourceTree = "<group>";
		};
		61A8660C21ACB6C840EB28AD /* Pods */ = {
			isa = PBXGroup;
			children = (
				F8B99E3D788C7EA1BE4B656D /* Pods-CustomLogin.debug.xcconfig */,
				130E3376DB9A814D50C20B62 /* Pods-CustomLogin.release.xcconfig */,
			);
			path = Pods;
			sourceTree = "<group>";
		};
		C5BE6C7DEDD9DB173FB7AC5E /* Frameworks */ = {
			isa = PBXGroup;
			children = (
				93416672F67237CA0B7E3901 /* Pods_CustomLogin.framework */,
			);
			name = Frameworks;
			sourceTree = "<group>";
		};
/* End PBXGroup section */

/* Begin PBXNativeTarget section */
		5E21461323BE71DD00029297 /* CustomLogin */ = {
			isa = PBXNativeTarget;
			buildConfigurationList = 5E21462823BE71E100029297 /* Build configuration list for PBXNativeTarget "CustomLogin" */;
			buildPhases = (
				2F113480881AA332E2B86ACD /* [CP] Check Pods Manifest.lock */,
				5E21461023BE71DD00029297 /* Sources */,
				5E21461123BE71DD00029297 /* Frameworks */,
				5E21461223BE71DD00029297 /* Resources */,
				00A67DA3D575005F3367877D /* [CP] Embed Pods Frameworks */,
			);
			buildRules = (
			);
			dependencies = (
			);
			name = CustomLogin;
			productName = CustomLogin;
			productReference = 5E21461423BE71DD00029297 /* CustomLogin.app */;
			productType = "com.apple.product-type.application";
		};
/* End PBXNativeTarget section */

/* Begin PBXProject section */
		5E21460C23BE71DD00029297 /* Project object */ = {
			isa = PBXProject;
			attributes = {
				LastSwiftUpdateCheck = 1130;
				LastUpgradeCheck = 1130;
				ORGANIZATIONNAME = iAFT;
				TargetAttributes = {
					5E21461323BE71DD00029297 = {
						CreatedOnToolsVersion = 11.3;
					};
				};
			};
			buildConfigurationList = 5E21460F23BE71DD00029297 /* Build configuration list for PBXProject "CustomLogin" */;
			compatibilityVersion = "Xcode 9.3";
			developmentRegion = en;
			hasScannedForEncodings = 0;
			knownRegions = (
				en,
				Base,
			);
			mainGroup = 5E21460B23BE71DD00029297;
			productRefGroup = 5E21461523BE71DD00029297 /* Products */;
			projectDirPath = "";
			projectRoot = "";
			targets = (
				5E21461323BE71DD00029297 /* CustomLogin */,
			);
		};
/* End PBXProject section */

/* Begin PBXResourcesBuildPhase section */
		5E21461223BE71DD00029297 /* Resources */ = {
			isa = PBXResourcesBuildPhase;
			buildActionMask = 2147483647;
			files = (
				5E21462423BE71E100029297 /* LaunchScreen.storyboard in Resources */,
				5E5F1AAF23C016EE002E58B5 /* loginbg.mp4 in Resources */,
				5E0F6F0923BE9C0100326488 /* GoogleService-Info.plist in Resources */,
				5E21462123BE71E100029297 /* Assets.xcassets in Resources */,
				5E21461F23BE71DD00029297 /* Main.storyboard in Resources */,
			);
			runOnlyForDeploymentPostprocessing = 0;
		};
/* End PBXResourcesBuildPhase section */

/* Begin PBXShellScriptBuildPhase section */
		00A67DA3D575005F3367877D /* [CP] Embed Pods Frameworks */ = {
			isa = PBXShellScriptBuildPhase;
			buildActionMask = 2147483647;
			files = (
			);
			inputFileListPaths = (
				"${PODS_ROOT}/Target Support Files/Pods-CustomLogin/Pods-CustomLogin-frameworks-${CONFIGURATION}-input-files.xcfilelist",
			);
			name = "[CP] Embed Pods Frameworks";
			outputFileListPaths = (
				"${PODS_ROOT}/Target Support Files/Pods-CustomLogin/Pods-CustomLogin-frameworks-${CONFIGURATION}-output-files.xcfilelist",
			);
			runOnlyForDeploymentPostprocessing = 0;
			shellPath = /bin/sh;
			shellScript = "\"${PODS_ROOT}/Target Support Files/Pods-CustomLogin/Pods-CustomLogin-frameworks.sh\"\n";
			showEnvVarsInLog = 0;
		};
		2F113480881AA332E2B86ACD /* [CP] Check Pods Manifest.lock */ = {
			isa = PBXShellScriptBuildPhase;
			buildActionMask = 2147483647;
			files = (
			);
			inputFileListPaths = (
			);
			inputPaths = (
				"${PODS_PODFILE_DIR_PATH}/Podfile.lock",
				"${PODS_ROOT}/Manifest.lock",
			);
			name = "[CP] Check Pods Manifest.lock";
			outputFileListPaths = (
			);
			outputPaths = (
				"$(DERIVED_FILE_DIR)/Pods-CustomLogin-checkManifestLockResult.txt",
			);
			runOnlyForDeploymentPostprocessing = 0;
			shellPath = /bin/sh;
			shellScript = "diff \"${PODS_PODFILE_DIR_PATH}/Podfile.lock\" \"${PODS_ROOT}/Manifest.lock\" > /dev/null\nif [ $? != 0 ] ; then\n    # print error to STDERR\n    echo \"error: The sandbox is not in sync with the Podfile.lock. Run 'pod install' or update your CocoaPods installation.\" >&2\n    exit 1\nfi\n# This output is used by Xcode 'outputs' to avoid re-running this script phase.\necho \"SUCCESS\" > \"${SCRIPT_OUTPUT_FILE_0}\"\n";
			showEnvVarsInLog = 0;
		};
/* End PBXShellScriptBuildPhase section */

/* Begin PBXSourcesBuildPhase section */
		5E21461023BE71DD00029297 /* Sources */ = {
			isa = PBXSourcesBuildPhase;
			buildActionMask = 2147483647;
			files = (
				5E5F1AB523C01B75002E58B5 /* LoginViewController.swift in Sources */,
				5E21461C23BE71DD00029297 /* ViewController.swift in Sources */,
				5E21461823BE71DD00029297 /* AppDelegate.swift in Sources */,
				5E0F6F0723BE8F9200326488 /* Utilities.swift in Sources */,
				5E5F1AB123C01A76002E58B5 /* HomeViewController.swift in Sources */,
				5E5F1AB323C01AE6002E58B5 /* SignUpViewController.swift in Sources */,
				5E21461A23BE71DD00029297 /* SceneDelegate.swift in Sources */,
				5E5F1AA423BFD5B8002E58B5 /* Constants.swift in Sources */,
			);
			runOnlyForDeploymentPostprocessing = 0;
		};
/* End PBXSourcesBuildPhase section */

/* Begin PBXVariantGroup section */
		5E21461D23BE71DD00029297 /* Main.storyboard */ = {
			isa = PBXVariantGroup;
			children = (
				5E21461E23BE71DD00029297 /* Base */,
			);
			name = Main.storyboard;
			sourceTree = "<group>";
		};
		5E21462223BE71E100029297 /* LaunchScreen.storyboard */ = {
			isa = PBXVariantGroup;
			children = (
				5E21462323BE71E100029297 /* Base */,
			);
			name = LaunchScreen.storyboard;
			sourceTree = "<group>";
		};
/* End PBXVariantGroup section */

/* Begin XCBuildConfiguration section */
		5E21462623BE71E100029297 /* Debug */ = {
			isa = XCBuildConfiguration;
			buildSettings = {
				ALWAYS_SEARCH_USER_PATHS = NO;
				CLANG_ANALYZER_NONNULL = YES;
				CLANG_ANALYZER_NUMBER_OBJECT_CONVERSION = YES_AGGRESSIVE;
				CLANG_CXX_LANGUAGE_STANDARD = "gnu++14";
				CLANG_CXX_LIBRARY = "libc++";
				CLANG_ENABLE_MODULES = YES;
				CLANG_ENABLE_OBJC_ARC = YES;
				CLANG_ENABLE_OBJC_WEAK = YES;
				CLANG_WARN_BLOCK_CAPTURE_AUTORELEASING = YES;
				CLANG_WARN_BOOL_CONVERSION = YES;
				CLANG_WARN_COMMA = YES;
				CLANG_WARN_CONSTANT_CONVERSION = YES;
				CLANG_WARN_DEPRECATED_OBJC_IMPLEMENTATIONS = YES;
				CLANG_WARN_DIRECT_OBJC_ISA_USAGE = YES_ERROR;
				CLANG_WARN_DOCUMENTATION_COMMENTS = YES;
				CLANG_WARN_EMPTY_BODY = YES;
				CLANG_WARN_ENUM_CONVERSION = YES;
				CLANG_WARN_INFINITE_RECURSION = YES;
				CLANG_WARN_INT_CONVERSION = YES;
				CLANG_WARN_NON_LITERAL_NULL_CONVERSION = YES;
				CLANG_WARN_OBJC_IMPLICIT_RETAIN_SELF = YES;
				CLANG_WARN_OBJC_LITERAL_CONVERSION = YES;
				CLANG_WARN_OBJC_ROOT_CLASS = YES_ERROR;
				CLANG_WARN_RANGE_LOOP_ANALYSIS = YES;
				CLANG_WARN_STRICT_PROTOTYPES = YES;
				CLANG_WARN_SUSPICIOUS_MOVE = YES;
				CLANG_WARN_UNGUARDED_AVAILABILITY = YES_AGGRESSIVE;
				CLANG_WARN_UNREACHABLE_CODE = YES;
				CLANG_WARN__DUPLICATE_METHOD_MATCH = YES;
				COPY_PHASE_STRIP = NO;
				DEBUG_INFORMATION_FORMAT = dwarf;
				ENABLE_STRICT_OBJC_MSGSEND = YES;
				ENABLE_TESTABILITY = YES;
				GCC_C_LANGUAGE_STANDARD = gnu11;
				GCC_DYNAMIC_NO_PIC = NO;
				GCC_NO_COMMON_BLOCKS = YES;
				GCC_OPTIMIZATION_LEVEL = 0;
				GCC_PREPROCESSOR_DEFINITIONS = (
					"DEBUG=1",
					"$(inherited)",
				);
				GCC_WARN_64_TO_32_BIT_CONVERSION = YES;
				GCC_WARN_ABOUT_RETURN_TYPE = YES_ERROR;
				GCC_WARN_UNDECLARED_SELECTOR = YES;
				GCC_WARN_UNINITIALIZED_AUTOS = YES_AGGRESSIVE;
				GCC_WARN_UNUSED_FUNCTION = YES;
				GCC_WARN_UNUSED_VARIABLE = YES;
				IPHONEOS_DEPLOYMENT_TARGET = 13.2;
				MTL_ENABLE_DEBUG_INFO = INCLUDE_SOURCE;
				MTL_FAST_MATH = YES;
				ONLY_ACTIVE_ARCH = YES;
				SDKROOT = iphoneos;
				SWIFT_ACTIVE_COMPILATION_CONDITIONS = DEBUG;
				SWIFT_OPTIMIZATION_LEVEL = "-Onone";
			};
			name = Debug;
		};
		5E21462723BE71E100029297 /* Release */ = {
			isa = XCBuildConfiguration;
			buildSettings = {
				ALWAYS_SEARCH_USER_PATHS = NO;
				CLANG_ANALYZER_NONNULL = YES;
				CLANG_ANALYZER_NUMBER_OBJECT_CONVERSION = YES_AGGRESSIVE;
				CLANG_CXX_LANGUAGE_STANDARD = "gnu++14";
				CLANG_CXX_LIBRARY = "libc++";
				CLANG_ENABLE_MODULES = YES;
				CLANG_ENABLE_OBJC_ARC = YES;
				CLANG_ENABLE_OBJC_WEAK = YES;
				CLANG_WARN_BLOCK_CAPTURE_AUTORELEASING = YES;
				CLANG_WARN_BOOL_CONVERSION = YES;
				CLANG_WARN_COMMA = YES;
				CLANG_WARN_CONSTANT_CONVERSION = YES;
				CLANG_WARN_DEPRECATED_OBJC_IMPLEMENTATIONS = YES;
				CLANG_WARN_DIRECT_OBJC_ISA_USAGE = YES_ERROR;
				CLANG_WARN_DOCUMENTATION_COMMENTS = YES;
				CLANG_WARN_EMPTY_BODY = YES;
				CLANG_WARN_ENUM_CONVERSION = YES;
				CLANG_WARN_INFINITE_RECURSION = YES;
				CLANG_WARN_INT_CONVERSION = YES;
				CLANG_WARN_NON_LITERAL_NULL_CONVERSION = YES;
				CLANG_WARN_OBJC_IMPLICIT_RETAIN_SELF = YES;
				CLANG_WARN_OBJC_LITERAL_CONVERSION = YES;
				CLANG_WARN_OBJC_ROOT_CLASS = YES_ERROR;
				CLANG_WARN_RANGE_LOOP_ANALYSIS = YES;
				CLANG_WARN_STRICT_PROTOTYPES = YES;
				CLANG_WARN_SUSPICIOUS_MOVE = YES;
				CLANG_WARN_UNGUARDED_AVAILABILITY = YES_AGGRESSIVE;
				CLANG_WARN_UNREACHABLE_CODE = YES;
				CLANG_WARN__DUPLICATE_METHOD_MATCH = YES;
				COPY_PHASE_STRIP = NO;
				DEBUG_INFORMATION_FORMAT = "dwarf-with-dsym";
				ENABLE_NS_ASSERTIONS = NO;
				ENABLE_STRICT_OBJC_MSGSEND = YES;
				GCC_C_LANGUAGE_STANDARD = gnu11;
				GCC_NO_COMMON_BLOCKS = YES;
				GCC_WARN_64_TO_32_BIT_CONVERSION = YES;
				GCC_WARN_ABOUT_RETURN_TYPE = YES_ERROR;
				GCC_WARN_UNDECLARED_SELECTOR = YES;
				GCC_WARN_UNINITIALIZED_AUTOS = YES_AGGRESSIVE;
				GCC_WARN_UNUSED_FUNCTION = YES;
				GCC_WARN_UNUSED_VARIABLE = YES;
				IPHONEOS_DEPLOYMENT_TARGET = 13.2;
				MTL_ENABLE_DEBUG_INFO = NO;
				MTL_FAST_MATH = YES;
				SDKROOT = iphoneos;
				SWIFT_COMPILATION_MODE = wholemodule;
				SWIFT_OPTIMIZATION_LEVEL = "-O";
				VALIDATE_PRODUCT = YES;
			};
			name = Release;
		};
		5E21462923BE71E100029297 /* Debug */ = {
			isa = XCBuildConfiguration;
			baseConfigurationReference = F8B99E3D788C7EA1BE4B656D /* Pods-CustomLogin.debug.xcconfig */;
			buildSettings = {
				ASSETCATALOG_COMPILER_APPICON_NAME = AppIcon;
				CODE_SIGN_STYLE = Automatic;
				DEVELOPMENT_TEAM = PS95PNQFP4;
				INFOPLIST_FILE = CustomLogin/Info.plist;
				LD_RUNPATH_SEARCH_PATHS = (
					"$(inherited)",
					"@executable_path/Frameworks",
				);
				PRODUCT_BUNDLE_IDENTIFIER = com.iaft.CustomLogin;
				PRODUCT_NAME = "$(TARGET_NAME)";
				SWIFT_VERSION = 5.0;
				TARGETED_DEVICE_FAMILY = "1,2";
			};
			name = Debug;
		};
		5E21462A23BE71E100029297 /* Release */ = {
			isa = XCBuildConfiguration;
			baseConfigurationReference = 130E3376DB9A814D50C20B62 /* Pods-CustomLogin.release.xcconfig */;
			buildSettings = {
				ASSETCATALOG_COMPILER_APPICON_NAME = AppIcon;
				CODE_SIGN_STYLE = Automatic;
				DEVELOPMENT_TEAM = PS95PNQFP4;
				INFOPLIST_FILE = CustomLogin/Info.plist;
				LD_RUNPATH_SEARCH_PATHS = (
					"$(inherited)",
					"@executable_path/Frameworks",
				);
				PRODUCT_BUNDLE_IDENTIFIER = com.iaft.CustomLogin;
				PRODUCT_NAME = "$(TARGET_NAME)";
				SWIFT_VERSION = 5.0;
				TARGETED_DEVICE_FAMILY = "1,2";
			};
			name = Release;
		};
/* End XCBuildConfiguration section */

/* Begin XCConfigurationList section */
		5E21460F23BE71DD00029297 /* Build configuration list for PBXProject "CustomLogin" */ = {
			isa = XCConfigurationList;
			buildConfigurations = (
				5E21462623BE71E100029297 /* Debug */,
				5E21462723BE71E100029297 /* Release */,
			);
			defaultConfigurationIsVisible = 0;
			defaultConfigurationName = Release;
		};
		5E21462823BE71E100029297 /* Build configuration list for PBXNativeTarget "CustomLogin" */ = {
			isa = XCConfigurationList;
			buildConfigurations = (
				5E21462923BE71E100029297 /* Debug */,
				5E21462A23BE71E100029297 /* Release */,
			);
			defaultConfigurationIsVisible = 0;
			defaultConfigurationName = Release;
		};
/* End XCConfigurationList section */
	};
	rootObject = 5E21460C23BE71DD00029297 /* Project object */;
}
